
Microsoft Visual Studio Solution File, Format Version 12.00
# Visual Studio 15
VisualStudioVersion = 15.0.26114.2
MinimumVisualStudioVersion = 10.0.40219.1
Project("{2150E333-8FDC-42A3-9474-1A3956D46DE8}") = "src", "src", "{36A8A52E-6ED7-4370-9B77-DD8A3B869097}"
EndProject
Project("{FAE04EC0-301F-11D3-BF4B-00C04F79EFBC}") = "LinkAggregator", "src\LinkAggregator\LinkAggregator.csproj", "{DAEA899A-1ECD-44F9-B5B4-0E24C902FEB2}"
EndProject
Project("{2150E333-8FDC-42A3-9474-1A3956D46DE8}") = "test", "test", "{555701A8-5447-4D60-B9E5-F4199EB4AA89}"
EndProject
Project("{FAE04EC0-301F-11D3-BF4B-00C04F79EFBC}") = "LinkAggregator.Tests", "test\LinkAggregator.Tests\LinkAggregator.Tests.csproj", "{9DE23113-1B0A-4D88-9FBC-C8E57456F28C}"
EndProject
Project("{FAE04EC0-301F-11D3-BF4B-00C04F79EFBC}") = "Aggregator", "src\Aggregator\Aggregator.csproj", "{E5FE61BF-6E3D-4DD5-829F-0B0BD9983B50}"
EndProject
Global
	GlobalSection(SolutionConfigurationPlatforms) = preSolution
		Debug|Any CPU = Debug|Any CPU
		Release|Any CPU = Release|Any CPU
	EndGlobalSection
	GlobalSection(ProjectConfigurationPlatforms) = postSolution
		{DAEA899A-1ECD-44F9-B5B4-0E24C902FEB2}.Debug|Any CPU.ActiveCfg = Debug|Any CPU
		{DAEA899A-1ECD-44F9-B5B4-0E24C902FEB2}.Debug|Any CPU.Build.0 = Debug|Any CPU
		{DAEA899A-1ECD-44F9-B5B4-0E24C902FEB2}.Release|Any CPU.ActiveCfg = Release|Any CPU
		{DAEA899A-1ECD-44F9-B5B4-0E24C902FEB2}.Release|Any CPU.Build.0 = Release|Any CPU
		{9DE23113-1B0A-4D88-9FBC-C8E57456F28C}.Debug|Any CPU.ActiveCfg = Debug|Any CPU
		{9DE23113-1B0A-4D88-9FBC-C8E57456F28C}.Debug|Any CPU.Build.0 = Debug|Any CPU
		{9DE23113-1B0A-4D88-9FBC-C8E57456F28C}.Release|Any CPU.ActiveCfg = Release|Any CPU
		{9DE23113-1B0A-4D88-9FBC-C8E57456F28C}.Release|Any CPU.Build.0 = Release|Any CPU
		{E5FE61BF-6E3D-4DD5-829F-0B0BD9983B50}.Debug|Any CPU.ActiveCfg = Debug|Any CPU
		{E5FE61BF-6E3D-4DD5-829F-0B0BD9983B50}.Debug|Any CPU.Build.0 = Debug|Any CPU
		{E5FE61BF-6E3D-4DD5-829F-0B0BD9983B50}.Release|Any CPU.ActiveCfg = Release|Any CPU
		{E5FE61BF-6E3D-4DD5-829F-0B0BD9983B50}.Release|Any CPU.Build.0 = Release|Any CPU
	EndGlobalSection
	GlobalSection(SolutionProperties) = preSolution
		HideSolutionNode = FALSE
	EndGlobalSection
	GlobalSection(NestedProjects) = preSolution
		{DAEA899A-1ECD-44F9-B5B4-0E24C902FEB2} = {36A8A52E-6ED7-4370-9B77-DD8A3B869097}
		{9DE23113-1B0A-4D88-9FBC-C8E57456F28C} = {555701A8-5447-4D60-B9E5-F4199EB4AA89}
		{E5FE61BF-6E3D-4DD5-829F-0B0BD9983B50} = {36A8A52E-6ED7-4370-9B77-DD8A3B869097}
	EndGlobalSection
EndGlobal
